// !$*UTF8*$!
{
	archiveVersion = 1;
	classes = {
	};
	objectVersion = 51;
	objects = {

/* Begin PBXBuildFile section */
		455F285C2206890300C73F39 /* Assets.xcassets in Resources */ = {isa = PBXBuildFile; fileRef = 455F285B2206890300C73F39 /* Assets.xcassets */; };
		455F2868220690A600C73F39 /* main.cpp in Sources */ = {isa = PBXBuildFile; fileRef = 455F2867220690A600C73F39 /* main.cpp */; };
		455F2875220691DE00C73F39 /* QtPositioningQuick.framework in Frameworks */ = {isa = PBXBuildFile; fileRef = 455F286A220691DC00C73F39 /* QtPositioningQuick.framework */; };
		455F2876220691DE00C73F39 /* QtMacExtras.framework in Frameworks */ = {isa = PBXBuildFile; fileRef = 455F286B220691DD00C73F39 /* QtMacExtras.framework */; };
		455F2877220691DE00C73F39 /* QtMultimediaWidgets.framework in Frameworks */ = {isa = PBXBuildFile; fileRef = 455F286C220691DD00C73F39 /* QtMultimediaWidgets.framework */; };
		455F2878220691DE00C73F39 /* QtOpenGL.framework in Frameworks */ = {isa = PBXBuildFile; fileRef = 455F286D220691DD00C73F39 /* QtOpenGL.framework */; };
		455F2879220691DE00C73F39 /* QtCore.framework in Frameworks */ = {isa = PBXBuildFile; fileRef = 455F286E220691DD00C73F39 /* QtCore.framework */; };
		455F287A220691DE00C73F39 /* QtMultimedia.framework in Frameworks */ = {isa = PBXBuildFile; fileRef = 455F286F220691DD00C73F39 /* QtMultimedia.framework */; };
		455F287B220691DE00C73F39 /* QtHelp.framework in Frameworks */ = {isa = PBXBuildFile; fileRef = 455F2870220691DD00C73F39 /* QtHelp.framework */; };
		455F287C220691DE00C73F39 /* QtPositioning.framework in Frameworks */ = {isa = PBXBuildFile; fileRef = 455F2871220691DD00C73F39 /* QtPositioning.framework */; };
		455F287D220691DE00C73F39 /* QtWidgets.framework in Frameworks */ = {isa = PBXBuildFile; fileRef = 455F2872220691DD00C73F39 /* QtWidgets.framework */; };
		455F287E220691DE00C73F39 /* QtMultimediaQuick.framework in Frameworks */ = {isa = PBXBuildFile; fileRef = 455F2873220691DD00C73F39 /* QtMultimediaQuick.framework */; };
		455F287F220691DE00C73F39 /* QtGui.framework in Frameworks */ = {isa = PBXBuildFile; fileRef = 455F2874220691DD00C73F39 /* QtGui.framework */; };
		455F2881220692EE00C73F39 /* Cocoa.framework in Frameworks */ = {isa = PBXBuildFile; fileRef = 455F2880220692EE00C73F39 /* Cocoa.framework */; };
		455F28832206930200C73F39 /* IOKit.framework in Frameworks */ = {isa = PBXBuildFile; fileRef = 455F28822206930200C73F39 /* IOKit.framework */; };
		455F28852206930800C73F39 /* CoreVideo.framework in Frameworks */ = {isa = PBXBuildFile; fileRef = 455F28842206930800C73F39 /* CoreVideo.framework */; };
		455F28872206930E00C73F39 /* OpenGL.framework in Frameworks */ = {isa = PBXBuildFile; fileRef = 455F28862206930D00C73F39 /* OpenGL.framework */; };
		455F288C2206B57300C73F39 /* QtQuick.framework in Frameworks */ = {isa = PBXBuildFile; fileRef = 455F288B2206B57300C73F39 /* QtQuick.framework */; };
		45B284932218E38800D6D055 /* image.cpp in Sources */ = {isa = PBXBuildFile; fileRef = 45B284912218E38800D6D055 /* image.cpp */; };
		45B284962218E39300D6D055 /* cell.cpp in Sources */ = {isa = PBXBuildFile; fileRef = 45B284942218E39300D6D055 /* cell.cpp */; };
		45B284982219003C00D6D055 /* icon.png in Resources */ = {isa = PBXBuildFile; fileRef = 45B284972219003B00D6D055 /* icon.png */; };
/* End PBXBuildFile section */

/* Begin PBXFileReference section */
		455F2851220688FD00C73F39 /* Pixel 2.app */ = {isa = PBXFileReference; explicitFileType = wrapper.application; includeInIndex = 0; path = "Pixel 2.app"; sourceTree = BUILT_PRODUCTS_DIR; };
		455F285B2206890300C73F39 /* Assets.xcassets */ = {isa = PBXFileReference; lastKnownFileType = folder.assetcatalog; path = Assets.xcassets; sourceTree = "<group>"; };
		455F28602206890300C73F39 /* Info.plist */ = {isa = PBXFileReference; lastKnownFileType = text.plist.xml; path = Info.plist; sourceTree = "<group>"; };
		455F28612206890300C73F39 /* Pixel_2.entitlements */ = {isa = PBXFileReference; lastKnownFileType = text.plist.entitlements; path = Pixel_2.entitlements; sourceTree = "<group>"; };
		455F2867220690A600C73F39 /* main.cpp */ = {isa = PBXFileReference; lastKnownFileType = sourcecode.cpp.cpp; path = main.cpp; sourceTree = "<group>"; };
		455F286A220691DC00C73F39 /* QtPositioningQuick.framework */ = {isa = PBXFileReference; lastKnownFileType = wrapper.framework; name = QtPositioningQuick.framework; path = ../../../../../../usr/local/Cellar/qt/5.12.0/lib/QtPositioningQuick.framework; sourceTree = "<group>"; };
		455F286B220691DD00C73F39 /* QtMacExtras.framework */ = {isa = PBXFileReference; lastKnownFileType = wrapper.framework; name = QtMacExtras.framework; path = ../../../../../../usr/local/Cellar/qt/5.12.0/lib/QtMacExtras.framework; sourceTree = "<group>"; };
		455F286C220691DD00C73F39 /* QtMultimediaWidgets.framework */ = {isa = PBXFileReference; lastKnownFileType = wrapper.framework; name = QtMultimediaWidgets.framework; path = ../../../../../../usr/local/Cellar/qt/5.12.0/lib/QtMultimediaWidgets.framework; sourceTree = "<group>"; };
		455F286D220691DD00C73F39 /* QtOpenGL.framework */ = {isa = PBXFileReference; lastKnownFileType = wrapper.framework; name = QtOpenGL.framework; path = ../../../../../../usr/local/Cellar/qt/5.12.0/lib/QtOpenGL.framework; sourceTree = "<group>"; };
		455F286E220691DD00C73F39 /* QtCore.framework */ = {isa = PBXFileReference; lastKnownFileType = wrapper.framework; name = QtCore.framework; path = ../../../../../../usr/local/Cellar/qt/5.12.0/lib/QtCore.framework; sourceTree = "<group>"; };
		455F286F220691DD00C73F39 /* QtMultimedia.framework */ = {isa = PBXFileReference; lastKnownFileType = wrapper.framework; name = QtMultimedia.framework; path = ../../../../../../usr/local/Cellar/qt/5.12.0/lib/QtMultimedia.framework; sourceTree = "<group>"; };
		455F2870220691DD00C73F39 /* QtHelp.framework */ = {isa = PBXFileReference; lastKnownFileType = wrapper.framework; name = QtHelp.framework; path = ../../../../../../usr/local/Cellar/qt/5.12.0/lib/QtHelp.framework; sourceTree = "<group>"; };
		455F2871220691DD00C73F39 /* QtPositioning.framework */ = {isa = PBXFileReference; lastKnownFileType = wrapper.framework; name = QtPositioning.framework; path = ../../../../../../usr/local/Cellar/qt/5.12.0/lib/QtPositioning.framework; sourceTree = "<group>"; };
		455F2872220691DD00C73F39 /* QtWidgets.framework */ = {isa = PBXFileReference; lastKnownFileType = wrapper.framework; name = QtWidgets.framework; path = ../../../../../../usr/local/Cellar/qt/5.12.0/lib/QtWidgets.framework; sourceTree = "<group>"; };
		455F2873220691DD00C73F39 /* QtMultimediaQuick.framework */ = {isa = PBXFileReference; lastKnownFileType = wrapper.framework; name = QtMultimediaQuick.framework; path = ../../../../../../usr/local/Cellar/qt/5.12.0/lib/QtMultimediaQuick.framework; sourceTree = "<group>"; };
		455F2874220691DD00C73F39 /* QtGui.framework */ = {isa = PBXFileReference; lastKnownFileType = wrapper.framework; name = QtGui.framework; path = ../../../../../../usr/local/Cellar/qt/5.12.0/lib/QtGui.framework; sourceTree = "<group>"; };
		455F2880220692EE00C73F39 /* Cocoa.framework */ = {isa = PBXFileReference; lastKnownFileType = wrapper.framework; name = Cocoa.framework; path = System/Library/Frameworks/Cocoa.framework; sourceTree = SDKROOT; };
		455F28822206930200C73F39 /* IOKit.framework */ = {isa = PBXFileReference; lastKnownFileType = wrapper.framework; name = IOKit.framework; path = System/Library/Frameworks/IOKit.framework; sourceTree = SDKROOT; };
		455F28842206930800C73F39 /* CoreVideo.framework */ = {isa = PBXFileReference; lastKnownFileType = wrapper.framework; name = CoreVideo.framework; path = System/Library/Frameworks/CoreVideo.framework; sourceTree = SDKROOT; };
		455F28862206930D00C73F39 /* OpenGL.framework */ = {isa = PBXFileReference; lastKnownFileType = wrapper.framework; name = OpenGL.framework; path = System/Library/Frameworks/OpenGL.framework; sourceTree = SDKROOT; };
		455F28882206942200C73F39 /* libqcocoa.dylib */ = {isa = PBXFileReference; lastKnownFileType = "compiled.mach-o.dylib"; name = libqcocoa.dylib; path = ../../../../../../usr/local/Cellar/qt/5.12.0/plugins/platforms/libqcocoa.dylib; sourceTree = "<group>"; };
		455F288B2206B57300C73F39 /* QtQuick.framework */ = {isa = PBXFileReference; lastKnownFileType = wrapper.framework; name = QtQuick.framework; path = ../../../../../../usr/local/Cellar/qt/5.12.0/lib/QtQuick.framework; sourceTree = "<group>"; };
		45B284912218E38800D6D055 /* image.cpp */ = {isa = PBXFileReference; lastKnownFileType = sourcecode.cpp.cpp; path = image.cpp; sourceTree = "<group>"; };
		45B284922218E38800D6D055 /* image.hpp */ = {isa = PBXFileReference; lastKnownFileType = sourcecode.cpp.h; path = image.hpp; sourceTree = "<group>"; };
		45B284942218E39300D6D055 /* cell.cpp */ = {isa = PBXFileReference; lastKnownFileType = sourcecode.cpp.cpp; path = cell.cpp; sourceTree = "<group>"; };
		45B284952218E39300D6D055 /* cell.hpp */ = {isa = PBXFileReference; lastKnownFileType = sourcecode.cpp.h; path = cell.hpp; sourceTree = "<group>"; };
		45B284972219003B00D6D055 /* icon.png */ = {isa = PBXFileReference; lastKnownFileType = image.png; path = icon.png; sourceTree = "<group>"; };
		45C2A2562207BC4000E989C2 /* notes.txt */ = {isa = PBXFileReference; lastKnownFileType = text; path = notes.txt; sourceTree = "<group>"; };
		45C2A27D220BFD1800E989C2 /* libpixman-1.a */ = {isa = PBXFileReference; lastKnownFileType = archive.ar; name = "libpixman-1.a"; path = "../../../../../../usr/local/Cellar/pixman/0.36.0/lib/libpixman-1.a"; sourceTree = "<group>"; };
		45C2A280220E821200E989C2 /* new plan.txt */ = {isa = PBXFileReference; lastKnownFileType = text; path = "new plan.txt"; sourceTree = "<group>"; };
/* End PBXFileReference section */

/* Begin PBXFrameworksBuildPhase section */
		455F284E220688FD00C73F39 /* Frameworks */ = {
			isa = PBXFrameworksBuildPhase;
			buildActionMask = 2147483647;
			files = (
				455F288C2206B57300C73F39 /* QtQuick.framework in Frameworks */,
				455F28872206930E00C73F39 /* OpenGL.framework in Frameworks */,
				455F28852206930800C73F39 /* CoreVideo.framework in Frameworks */,
				455F28832206930200C73F39 /* IOKit.framework in Frameworks */,
				455F2881220692EE00C73F39 /* Cocoa.framework in Frameworks */,
				455F2875220691DE00C73F39 /* QtPositioningQuick.framework in Frameworks */,
				455F2876220691DE00C73F39 /* QtMacExtras.framework in Frameworks */,
				455F2877220691DE00C73F39 /* QtMultimediaWidgets.framework in Frameworks */,
				455F2878220691DE00C73F39 /* QtOpenGL.framework in Frameworks */,
				455F2879220691DE00C73F39 /* QtCore.framework in Frameworks */,
				455F287A220691DE00C73F39 /* QtMultimedia.framework in Frameworks */,
				455F287B220691DE00C73F39 /* QtHelp.framework in Frameworks */,
				455F287C220691DE00C73F39 /* QtPositioning.framework in Frameworks */,
				455F287D220691DE00C73F39 /* QtWidgets.framework in Frameworks */,
				455F287E220691DE00C73F39 /* QtMultimediaQuick.framework in Frameworks */,
				455F287F220691DE00C73F39 /* QtGui.framework in Frameworks */,
			);
			runOnlyForDeploymentPostprocessing = 0;
		};
/* End PBXFrameworksBuildPhase section */

/* Begin PBXGroup section */
		455F2848220688FC00C73F39 = {
			isa = PBXGroup;
			children = (
				45B284972219003B00D6D055 /* icon.png */,
				455F285B2206890300C73F39 /* Assets.xcassets */,
				455F28602206890300C73F39 /* Info.plist */,
				455F28612206890300C73F39 /* Pixel_2.entitlements */,
				45C2A2562207BC4000E989C2 /* notes.txt */,
				45C2A280220E821200E989C2 /* new plan.txt */,
				455F2853220688FD00C73F39 /* src */,
				455F2852220688FD00C73F39 /* Products */,
				455F2869220691DC00C73F39 /* Frameworks */,
			);
			sourceTree = "<group>";
		};
		455F2852220688FD00C73F39 /* Products */ = {
			isa = PBXGroup;
			children = (
				455F2851220688FD00C73F39 /* Pixel 2.app */,
			);
			name = Products;
			sourceTree = "<group>";
		};
		455F2853220688FD00C73F39 /* src */ = {
			isa = PBXGroup;
			children = (
				45B284912218E38800D6D055 /* image.cpp */,
				45B284922218E38800D6D055 /* image.hpp */,
				45B284942218E39300D6D055 /* cell.cpp */,
				45B284952218E39300D6D055 /* cell.hpp */,
				455F2867220690A600C73F39 /* main.cpp */,
			);
			path = src;
			sourceTree = "<group>";
		};
		455F2869220691DC00C73F39 /* Frameworks */ = {
			isa = PBXGroup;
			children = (
				45C2A27D220BFD1800E989C2 /* libpixman-1.a */,
				455F288B2206B57300C73F39 /* QtQuick.framework */,
				455F28882206942200C73F39 /* libqcocoa.dylib */,
				455F28862206930D00C73F39 /* OpenGL.framework */,
				455F28842206930800C73F39 /* CoreVideo.framework */,
				455F28822206930200C73F39 /* IOKit.framework */,
				455F2880220692EE00C73F39 /* Cocoa.framework */,
				455F286E220691DD00C73F39 /* QtCore.framework */,
				455F2874220691DD00C73F39 /* QtGui.framework */,
				455F2870220691DD00C73F39 /* QtHelp.framework */,
				455F286B220691DD00C73F39 /* QtMacExtras.framework */,
				455F286F220691DD00C73F39 /* QtMultimedia.framework */,
				455F2873220691DD00C73F39 /* QtMultimediaQuick.framework */,
				455F286C220691DD00C73F39 /* QtMultimediaWidgets.framework */,
				455F286D220691DD00C73F39 /* QtOpenGL.framework */,
				455F2871220691DD00C73F39 /* QtPositioning.framework */,
				455F286A220691DC00C73F39 /* QtPositioningQuick.framework */,
				455F2872220691DD00C73F39 /* QtWidgets.framework */,
			);
			name = Frameworks;
			sourceTree = "<group>";
		};
/* End PBXGroup section */

/* Begin PBXNativeTarget section */
		455F2850220688FD00C73F39 /* Pixel 2 */ = {
			isa = PBXNativeTarget;
			buildConfigurationList = 455F28642206890300C73F39 /* Build configuration list for PBXNativeTarget "Pixel 2" */;
			buildPhases = (
				455F284D220688FD00C73F39 /* Sources */,
				455F284E220688FD00C73F39 /* Frameworks */,
				455F284F220688FD00C73F39 /* Resources */,
				455F288A2206A17600C73F39 /* ShellScript */,
			);
			buildRules = (
			);
			dependencies = (
			);
			name = "Pixel 2";
			productName = "Pixel 2";
			productReference = 455F2851220688FD00C73F39 /* Pixel 2.app */;
			productType = "com.apple.product-type.application";
		};
/* End PBXNativeTarget section */

/* Begin PBXProject section */
		455F2849220688FD00C73F39 /* Project object */ = {
			isa = PBXProject;
			attributes = {
				LastSwiftUpdateCheck = 1010;
				LastUpgradeCheck = 1010;
				ORGANIZATIONNAME = "Indi Kernick";
				TargetAttributes = {
					455F2850220688FD00C73F39 = {
						CreatedOnToolsVersion = 10.1;
						LastSwiftMigration = 1010;
						SystemCapabilities = {
							com.apple.Sandbox = {
								enabled = 0;
							};
						};
					};
				};
			};
			buildConfigurationList = 455F284C220688FD00C73F39 /* Build configuration list for PBXProject "Pixel 2" */;
			compatibilityVersion = "Xcode 10.0";
			developmentRegion = en;
			hasScannedForEncodings = 0;
			knownRegions = (
				en,
				Base,
			);
			mainGroup = 455F2848220688FC00C73F39;
			productRefGroup = 455F2852220688FD00C73F39 /* Products */;
			projectDirPath = "";
			projectRoot = "";
			targets = (
				455F2850220688FD00C73F39 /* Pixel 2 */,
			);
		};
/* End PBXProject section */

/* Begin PBXResourcesBuildPhase section */
		455F284F220688FD00C73F39 /* Resources */ = {
			isa = PBXResourcesBuildPhase;
			buildActionMask = 2147483647;
			files = (
				45B284982219003C00D6D055 /* icon.png in Resources */,
				455F285C2206890300C73F39 /* Assets.xcassets in Resources */,
			);
			runOnlyForDeploymentPostprocessing = 0;
		};
/* End PBXResourcesBuildPhase section */

/* Begin PBXShellScriptBuildPhase section */
		455F288A2206A17600C73F39 /* ShellScript */ = {
			isa = PBXShellScriptBuildPhase;
			buildActionMask = 2147483647;
			files = (
			);
			inputFileListPaths = (
			);
			inputPaths = (
			);
			outputFileListPaths = (
			);
			outputPaths = (
			);
			runOnlyForDeploymentPostprocessing = 0;
			shellPath = /bin/sh;
			shellScript = "/usr/local/opt/qt/bin/macdeployqt \"$CODESIGNING_FOLDER_PATH\" -codesign=\"kerndog73@gmail.com\" -no-strip\n";
		};
/* End PBXShellScriptBuildPhase section */

/* Begin PBXSourcesBuildPhase section */
		455F284D220688FD00C73F39 /* Sources */ = {
			isa = PBXSourcesBuildPhase;
			buildActionMask = 2147483647;
			files = (
				455F2868220690A600C73F39 /* main.cpp in Sources */,
				45B284932218E38800D6D055 /* image.cpp in Sources */,
				45B284962218E39300D6D055 /* cell.cpp in Sources */,
			);
			runOnlyForDeploymentPostprocessing = 0;
		};
/* End PBXSourcesBuildPhase section */

/* Begin XCBuildConfiguration section */
		455F28622206890300C73F39 /* Debug */ = {
			isa = XCBuildConfiguration;
			buildSettings = {
				ALWAYS_SEARCH_USER_PATHS = NO;
				CLANG_ANALYZER_NONNULL = YES;
				CLANG_ANALYZER_NUMBER_OBJECT_CONVERSION = YES_AGGRESSIVE;
				CLANG_CXX_LANGUAGE_STANDARD = "gnu++14";
				CLANG_CXX_LIBRARY = "libc++";
				CLANG_ENABLE_MODULES = YES;
				CLANG_ENABLE_OBJC_ARC = YES;
				CLANG_ENABLE_OBJC_WEAK = YES;
				CLANG_WARN_BLOCK_CAPTURE_AUTORELEASING = YES;
				CLANG_WARN_BOOL_CONVERSION = YES;
				CLANG_WARN_COMMA = YES;
				CLANG_WARN_CONSTANT_CONVERSION = YES;
				CLANG_WARN_DEPRECATED_OBJC_IMPLEMENTATIONS = YES;
				CLANG_WARN_DIRECT_OBJC_ISA_USAGE = YES_ERROR;
				CLANG_WARN_DOCUMENTATION_COMMENTS = YES;
				CLANG_WARN_EMPTY_BODY = YES;
				CLANG_WARN_ENUM_CONVERSION = YES;
				CLANG_WARN_INFINITE_RECURSION = YES;
				CLANG_WARN_INT_CONVERSION = YES;
				CLANG_WARN_NON_LITERAL_NULL_CONVERSION = YES;
				CLANG_WARN_OBJC_IMPLICIT_RETAIN_SELF = YES;
				CLANG_WARN_OBJC_LITERAL_CONVERSION = YES;
				CLANG_WARN_OBJC_ROOT_CLASS = YES_ERROR;
				CLANG_WARN_RANGE_LOOP_ANALYSIS = YES;
				CLANG_WARN_STRICT_PROTOTYPES = YES;
				CLANG_WARN_SUSPICIOUS_MOVE = YES;
				CLANG_WARN_UNGUARDED_AVAILABILITY = YES_AGGRESSIVE;
				CLANG_WARN_UNREACHABLE_CODE = YES;
				CLANG_WARN__DUPLICATE_METHOD_MATCH = YES;
				CODE_SIGN_IDENTITY = "Mac Developer";
				COPY_PHASE_STRIP = NO;
				DEBUG_INFORMATION_FORMAT = dwarf;
				ENABLE_STRICT_OBJC_MSGSEND = YES;
				ENABLE_TESTABILITY = YES;
				GCC_C_LANGUAGE_STANDARD = gnu11;
				GCC_DYNAMIC_NO_PIC = NO;
				GCC_NO_COMMON_BLOCKS = YES;
				GCC_OPTIMIZATION_LEVEL = 0;
				GCC_PREPROCESSOR_DEFINITIONS = (
					"DEBUG=1",
					"$(inherited)",
				);
				GCC_WARN_64_TO_32_BIT_CONVERSION = YES;
				GCC_WARN_ABOUT_RETURN_TYPE = YES_ERROR;
				GCC_WARN_UNDECLARED_SELECTOR = YES;
				GCC_WARN_UNINITIALIZED_AUTOS = YES_AGGRESSIVE;
				GCC_WARN_UNUSED_FUNCTION = YES;
				GCC_WARN_UNUSED_VARIABLE = YES;
				MACOSX_DEPLOYMENT_TARGET = 10.14;
				MTL_ENABLE_DEBUG_INFO = INCLUDE_SOURCE;
				MTL_FAST_MATH = YES;
				ONLY_ACTIVE_ARCH = YES;
				SDKROOT = macosx;
				SWIFT_ACTIVE_COMPILATION_CONDITIONS = DEBUG;
				SWIFT_OPTIMIZATION_LEVEL = "-Onone";
			};
			name = Debug;
		};
		455F28632206890300C73F39 /* Release */ = {
			isa = XCBuildConfiguration;
			buildSettings = {
				ALWAYS_SEARCH_USER_PATHS = NO;
				CLANG_ANALYZER_NONNULL = YES;
				CLANG_ANALYZER_NUMBER_OBJECT_CONVERSION = YES_AGGRESSIVE;
				CLANG_CXX_LANGUAGE_STANDARD = "gnu++14";
				CLANG_CXX_LIBRARY = "libc++";
				CLANG_ENABLE_MODULES = YES;
				CLANG_ENABLE_OBJC_ARC = YES;
				CLANG_ENABLE_OBJC_WEAK = YES;
				CLANG_WARN_BLOCK_CAPTURE_AUTORELEASING = YES;
				CLANG_WARN_BOOL_CONVERSION = YES;
				CLANG_WARN_COMMA = YES;
				CLANG_WARN_CONSTANT_CONVERSION = YES;
				CLANG_WARN_DEPRECATED_OBJC_IMPLEMENTATIONS = YES;
				CLANG_WARN_DIRECT_OBJC_ISA_USAGE = YES_ERROR;
				CLANG_WARN_DOCUMENTATION_COMMENTS = YES;
				CLANG_WARN_EMPTY_BODY = YES;
				CLANG_WARN_ENUM_CONVERSION = YES;
				CLANG_WARN_INFINITE_RECURSION = YES;
				CLANG_WARN_INT_CONVERSION = YES;
				CLANG_WARN_NON_LITERAL_NULL_CONVERSION = YES;
				CLANG_WARN_OBJC_IMPLICIT_RETAIN_SELF = YES;
				CLANG_WARN_OBJC_LITERAL_CONVERSION = YES;
				CLANG_WARN_OBJC_ROOT_CLASS = YES_ERROR;
				CLANG_WARN_RANGE_LOOP_ANALYSIS = YES;
				CLANG_WARN_STRICT_PROTOTYPES = YES;
				CLANG_WARN_SUSPICIOUS_MOVE = YES;
				CLANG_WARN_UNGUARDED_AVAILABILITY = YES_AGGRESSIVE;
				CLANG_WARN_UNREACHABLE_CODE = YES;
				CLANG_WARN__DUPLICATE_METHOD_MATCH = YES;
				CODE_SIGN_IDENTITY = "Mac Developer";
				COPY_PHASE_STRIP = NO;
				DEBUG_INFORMATION_FORMAT = "dwarf-with-dsym";
				ENABLE_NS_ASSERTIONS = NO;
				ENABLE_STRICT_OBJC_MSGSEND = YES;
				GCC_C_LANGUAGE_STANDARD = gnu11;
				GCC_NO_COMMON_BLOCKS = YES;
				GCC_WARN_64_TO_32_BIT_CONVERSION = YES;
				GCC_WARN_ABOUT_RETURN_TYPE = YES_ERROR;
				GCC_WARN_UNDECLARED_SELECTOR = YES;
				GCC_WARN_UNINITIALIZED_AUTOS = YES_AGGRESSIVE;
				GCC_WARN_UNUSED_FUNCTION = YES;
				GCC_WARN_UNUSED_VARIABLE = YES;
				MACOSX_DEPLOYMENT_TARGET = 10.14;
				MTL_ENABLE_DEBUG_INFO = NO;
				MTL_FAST_MATH = YES;
				SDKROOT = macosx;
				SWIFT_COMPILATION_MODE = wholemodule;
				SWIFT_OPTIMIZATION_LEVEL = "-O";
			};
			name = Release;
		};
		455F28652206890300C73F39 /* Debug */ = {
			isa = XCBuildConfiguration;
			buildSettings = {
				ASSETCATALOG_COMPILER_APPICON_NAME = AppIcon;
				CLANG_CXX_LANGUAGE_STANDARD = "c++17";
				CLANG_ENABLE_MODULES = YES;
				CODE_SIGN_STYLE = Automatic;
				COMBINE_HIDPI_IMAGES = YES;
				DEVELOPMENT_TEAM = QY44MADGVC;
				FRAMEWORK_SEARCH_PATHS = (
					"$(inherited)",
					/usr/local/Cellar/qt/5.12.0/lib,
				);
				HEADER_SEARCH_PATHS = "";
				INFOPLIST_FILE = "$(SRCROOT)/Info.plist";
				LD_RUNPATH_SEARCH_PATHS = (
					"$(inherited)",
					"@executable_path/../Frameworks",
				);
				LIBRARY_SEARCH_PATHS = (
					"$(inherited)",
					/usr/local/Cellar/qt/5.12.0/plugins/platforms,
				);
				PRODUCT_BUNDLE_IDENTIFIER = "Indi-Kernick.Pixel-2";
				PRODUCT_NAME = "$(TARGET_NAME)";
				REEXPORTED_LIBRARY_PATHS = "";
				SWIFT_OPTIMIZATION_LEVEL = "-Onone";
				SWIFT_VERSION = 4.2;
			};
			name = Debug;
		};
		455F28662206890300C73F39 /* Release */ = {
			isa = XCBuildConfiguration;
			buildSettings = {
				ASSETCATALOG_COMPILER_APPICON_NAME = AppIcon;
				CLANG_CXX_LANGUAGE_STANDARD = "c++17";
				CLANG_ENABLE_MODULES = YES;
				CODE_SIGN_STYLE = Automatic;
				COMBINE_HIDPI_IMAGES = YES;
				DEVELOPMENT_TEAM = QY44MADGVC;
				FRAMEWORK_SEARCH_PATHS = (
					"$(inherited)",
					/usr/local/Cellar/qt/5.12.0/lib,
				);
				GCC_OPTIMIZATION_LEVEL = 3;
				HEADER_SEARCH_PATHS = "";
				INFOPLIST_FILE = "$(SRCROOT)/Info.plist";
				LD_RUNPATH_SEARCH_PATHS = (
					"$(inherited)",
					"@executable_path/../Frameworks",
				);
				LIBRARY_SEARCH_PATHS = (
					"$(inherited)",
					/usr/local/Cellar/qt/5.12.0/plugins/platforms,
				);
				PRODUCT_BUNDLE_IDENTIFIER = "Indi-Kernick.Pixel-2";
				PRODUCT_NAME = "$(TARGET_NAME)";
				REEXPORTED_LIBRARY_PATHS = "";
				SWIFT_VERSION = 4.2;
			};
			name = Release;
		};
/* End XCBuildConfiguration section */

/* Begin XCConfigurationList section */
		455F284C220688FD00C73F39 /* Build configuration list for PBXProject "Pixel 2" */ = {
			isa = XCConfigurationList;
			buildConfigurations = (
				455F28622206890300C73F39 /* Debug */,
				455F28632206890300C73F39 /* Release */,
			);
			defaultConfigurationIsVisible = 0;
			defaultConfigurationName = Release;
		};
		455F28642206890300C73F39 /* Build configuration list for PBXNativeTarget "Pixel 2" */ = {
			isa = XCConfigurationList;
			buildConfigurations = (
				455F28652206890300C73F39 /* Debug */,
				455F28662206890300C73F39 /* Release */,
			);
			defaultConfigurationIsVisible = 0;
			defaultConfigurationName = Release;
		};
/* End XCConfigurationList section */
	};
	rootObject = 455F2849220688FD00C73F39 /* Project object */;
}
